// !$*UTF8*$!
{
	archiveVersion = 1;
	classes = {
	};
	objectVersion = 55;
	objects = {

/* Begin PBXBuildFile section */
		1040E9622BED9873B5784240 /* Pods_MenuBarControllerDemo.framework in Frameworks */ = {isa = PBXBuildFile; fileRef = 6EF010316AE6615AB373F152 /* Pods_MenuBarControllerDemo.framework */; };
		182B31FB28D1697C00B1A9F1 /* MenuBarScrollView.swift in Sources */ = {isa = PBXBuildFile; fileRef = 182B31FA28D1697C00B1A9F1 /* MenuBarScrollView.swift */; };
		182B31FD28D1698F00B1A9F1 /* MenuBar.swift in Sources */ = {isa = PBXBuildFile; fileRef = 182B31FC28D1698F00B1A9F1 /* MenuBar.swift */; };
		182B31FF28D1699E00B1A9F1 /* MenuBarView.swift in Sources */ = {isa = PBXBuildFile; fileRef = 182B31FE28D1699E00B1A9F1 /* MenuBarView.swift */; };
		1845F9A528DC5CA9007FBCF5 /* PresentMenuBarHeader.swift in Sources */ = {isa = PBXBuildFile; fileRef = 1845F9A428DC5CA9007FBCF5 /* PresentMenuBarHeader.swift */; };
		184E80E128DC3A0B0016184D /* PresentViewController.xib in Resources */ = {isa = PBXBuildFile; fileRef = 184E80DF28DC3A0B0016184D /* PresentViewController.xib */; };
		184E80E228DC3A0B0016184D /* PresentViewController.swift in Sources */ = {isa = PBXBuildFile; fileRef = 184E80E028DC3A0B0016184D /* PresentViewController.swift */; };
		184E80E528DC3A160016184D /* PresentMenuBarController.swift in Sources */ = {isa = PBXBuildFile; fileRef = 184E80E428DC3A160016184D /* PresentMenuBarController.swift */; };
		186723C828DC6DD50023E756 /* MenuBarController.framework in Frameworks */ = {isa = PBXBuildFile; fileRef = 186D613D28D08AEB0086D9AE /* MenuBarController.framework */; };
		186723C928DC6DD50023E756 /* MenuBarController.framework in Embed Frameworks */ = {isa = PBXBuildFile; fileRef = 186D613D28D08AEB0086D9AE /* MenuBarController.framework */; settings = {ATTRIBUTES = (CodeSignOnCopy, RemoveHeadersOnCopy, ); }; };
		186D614228D08AEB0086D9AE /* MenuBarController.docc in Sources */ = {isa = PBXBuildFile; fileRef = 186D614128D08AEB0086D9AE /* MenuBarController.docc */; };
		186D614828D08AEB0086D9AE /* MenuBarController.framework in Frameworks */ = {isa = PBXBuildFile; fileRef = 186D613D28D08AEB0086D9AE /* MenuBarController.framework */; };
		186D614D28D08AEB0086D9AE /* MenuBarControllerTests.swift in Sources */ = {isa = PBXBuildFile; fileRef = 186D614C28D08AEB0086D9AE /* MenuBarControllerTests.swift */; };
		186D614E28D08AEB0086D9AE /* MenuBarController.h in Headers */ = {isa = PBXBuildFile; fileRef = 186D614028D08AEB0086D9AE /* MenuBarController.h */; settings = {ATTRIBUTES = (Public, ); }; };
		186D615E28D08AFA0086D9AE /* AppDelegate.swift in Sources */ = {isa = PBXBuildFile; fileRef = 186D615D28D08AFA0086D9AE /* AppDelegate.swift */; };
		186D616228D08AFA0086D9AE /* ViewController.swift in Sources */ = {isa = PBXBuildFile; fileRef = 186D616128D08AFA0086D9AE /* ViewController.swift */; };
		186D616528D08AFA0086D9AE /* Main.storyboard in Resources */ = {isa = PBXBuildFile; fileRef = 186D616328D08AFA0086D9AE /* Main.storyboard */; };
		186D616728D08AFC0086D9AE /* Assets.xcassets in Resources */ = {isa = PBXBuildFile; fileRef = 186D616628D08AFC0086D9AE /* Assets.xcassets */; };
		186D616A28D08AFC0086D9AE /* LaunchScreen.storyboard in Resources */ = {isa = PBXBuildFile; fileRef = 186D616828D08AFC0086D9AE /* LaunchScreen.storyboard */; };
		186D617028D08E0E0086D9AE /* MenuBarController.swift in Sources */ = {isa = PBXBuildFile; fileRef = 186D616F28D08E0E0086D9AE /* MenuBarController.swift */; };
		187E57AC28D83D2700B129BA /* MenuBarProtocol.swift in Sources */ = {isa = PBXBuildFile; fileRef = 187E57AB28D83D2700B129BA /* MenuBarProtocol.swift */; };
		187E57B128D9977D00B129BA /* TestView.swift in Sources */ = {isa = PBXBuildFile; fileRef = 187E57B028D9977D00B129BA /* TestView.swift */; };
		187E57B328D9B89F00B129BA /* Tab1ViewController.swift in Sources */ = {isa = PBXBuildFile; fileRef = 187E57B228D9B89F00B129BA /* Tab1ViewController.swift */; };
		187E57B628D9B91B00B129BA /* Tab1ContentViewController.swift in Sources */ = {isa = PBXBuildFile; fileRef = 187E57B428D9B91A00B129BA /* Tab1ContentViewController.swift */; };
		187E57B728D9B91B00B129BA /* Tab1ContentViewController.xib in Resources */ = {isa = PBXBuildFile; fileRef = 187E57B528D9B91A00B129BA /* Tab1ContentViewController.xib */; };
		187E57BB28D9BF4300B129BA /* TestViewController.swift in Sources */ = {isa = PBXBuildFile; fileRef = 187E57BA28D9BF4300B129BA /* TestViewController.swift */; };
		187E57BE28D9C01C00B129BA /* Tab2ViewController.swift in Sources */ = {isa = PBXBuildFile; fileRef = 187E57BC28D9C01C00B129BA /* Tab2ViewController.swift */; };
		187E57BF28D9C01C00B129BA /* Tab2ViewController.xib in Resources */ = {isa = PBXBuildFile; fileRef = 187E57BD28D9C01C00B129BA /* Tab2ViewController.xib */; };
		B5E73DECD732A59E81E5722D /* Pods_MenuBarController_MenuBarControllerTests.framework in Frameworks */ = {isa = PBXBuildFile; fileRef = 492179AD150AAD3FD983ADF7 /* Pods_MenuBarController_MenuBarControllerTests.framework */; };
		E40B5295A4F0862C6E325F87 /* Pods_MenuBarController.framework in Frameworks */ = {isa = PBXBuildFile; fileRef = A1BDC01D4A42BFF9E949D264 /* Pods_MenuBarController.framework */; };
/* End PBXBuildFile section */

/* Begin PBXContainerItemProxy section */
		186D614928D08AEB0086D9AE /* PBXContainerItemProxy */ = {
			isa = PBXContainerItemProxy;
			containerPortal = 186D613428D08AEB0086D9AE /* Project object */;
			proxyType = 1;
			remoteGlobalIDString = 186D613C28D08AEB0086D9AE;
			remoteInfo = MenuBarController;
		};
/* End PBXContainerItemProxy section */

/* Begin PBXCopyFilesBuildPhase section */
		186723CA28DC6DD60023E756 /* Embed Frameworks */ = {
			isa = PBXCopyFilesBuildPhase;
			buildActionMask = 2147483647;
			dstPath = "";
			dstSubfolderSpec = 10;
			files = (
				186723C928DC6DD50023E756 /* MenuBarController.framework in Embed Frameworks */,
			);
			name = "Embed Frameworks";
			runOnlyForDeploymentPostprocessing = 0;
		};
/* End PBXCopyFilesBuildPhase section */

/* Begin PBXFileReference section */
		0C34A815E97C5DDFBD1E6D9D /* Pods-MenuBarController-MenuBarControllerTests.debug.xcconfig */ = {isa = PBXFileReference; includeInIndex = 1; lastKnownFileType = text.xcconfig; name = "Pods-MenuBarController-MenuBarControllerTests.debug.xcconfig"; path = "Target Support Files/Pods-MenuBarController-MenuBarControllerTests/Pods-MenuBarController-MenuBarControllerTests.debug.xcconfig"; sourceTree = "<group>"; };
		0C8DBE8F69AC0077422A191B /* Pods-MenuBarControllerDemo.debug.xcconfig */ = {isa = PBXFileReference; includeInIndex = 1; lastKnownFileType = text.xcconfig; name = "Pods-MenuBarControllerDemo.debug.xcconfig"; path = "Target Support Files/Pods-MenuBarControllerDemo/Pods-MenuBarControllerDemo.debug.xcconfig"; sourceTree = "<group>"; };
		0C9F2E4CAB3AB377925BED35 /* Pods-MenuBarController.debug.xcconfig */ = {isa = PBXFileReference; includeInIndex = 1; lastKnownFileType = text.xcconfig; name = "Pods-MenuBarController.debug.xcconfig"; path = "Target Support Files/Pods-MenuBarController/Pods-MenuBarController.debug.xcconfig"; sourceTree = "<group>"; };
		182B31FA28D1697C00B1A9F1 /* MenuBarScrollView.swift */ = {isa = PBXFileReference; lastKnownFileType = sourcecode.swift; path = MenuBarScrollView.swift; sourceTree = "<group>"; };
		182B31FC28D1698F00B1A9F1 /* MenuBar.swift */ = {isa = PBXFileReference; lastKnownFileType = sourcecode.swift; path = MenuBar.swift; sourceTree = "<group>"; };
		182B31FE28D1699E00B1A9F1 /* MenuBarView.swift */ = {isa = PBXFileReference; lastKnownFileType = sourcecode.swift; path = MenuBarView.swift; sourceTree = "<group>"; };
		1845F9A428DC5CA9007FBCF5 /* PresentMenuBarHeader.swift */ = {isa = PBXFileReference; lastKnownFileType = sourcecode.swift; path = PresentMenuBarHeader.swift; sourceTree = "<group>"; };
		184E80DF28DC3A0B0016184D /* PresentViewController.xib */ = {isa = PBXFileReference; fileEncoding = 4; lastKnownFileType = file.xib; path = PresentViewController.xib; sourceTree = "<group>"; };
		184E80E028DC3A0B0016184D /* PresentViewController.swift */ = {isa = PBXFileReference; fileEncoding = 4; lastKnownFileType = sourcecode.swift; path = PresentViewController.swift; sourceTree = "<group>"; };
		184E80E428DC3A160016184D /* PresentMenuBarController.swift */ = {isa = PBXFileReference; fileEncoding = 4; lastKnownFileType = sourcecode.swift; path = PresentMenuBarController.swift; sourceTree = "<group>"; };
		186D613D28D08AEB0086D9AE /* MenuBarController.framework */ = {isa = PBXFileReference; explicitFileType = wrapper.framework; includeInIndex = 0; path = MenuBarController.framework; sourceTree = BUILT_PRODUCTS_DIR; };
		186D614028D08AEB0086D9AE /* MenuBarController.h */ = {isa = PBXFileReference; lastKnownFileType = sourcecode.c.h; path = MenuBarController.h; sourceTree = "<group>"; };
		186D614128D08AEB0086D9AE /* MenuBarController.docc */ = {isa = PBXFileReference; lastKnownFileType = folder.documentationcatalog; path = MenuBarController.docc; sourceTree = "<group>"; };
		186D614728D08AEB0086D9AE /* MenuBarControllerTests.xctest */ = {isa = PBXFileReference; explicitFileType = wrapper.cfbundle; includeInIndex = 0; path = MenuBarControllerTests.xctest; sourceTree = BUILT_PRODUCTS_DIR; };
		186D614C28D08AEB0086D9AE /* MenuBarControllerTests.swift */ = {isa = PBXFileReference; lastKnownFileType = sourcecode.swift; path = MenuBarControllerTests.swift; sourceTree = "<group>"; };
		186D615B28D08AFA0086D9AE /* MenuBarControllerDemo.app */ = {isa = PBXFileReference; explicitFileType = wrapper.application; includeInIndex = 0; path = MenuBarControllerDemo.app; sourceTree = BUILT_PRODUCTS_DIR; };
		186D615D28D08AFA0086D9AE /* AppDelegate.swift */ = {isa = PBXFileReference; lastKnownFileType = sourcecode.swift; path = AppDelegate.swift; sourceTree = "<group>"; };
		186D616128D08AFA0086D9AE /* ViewController.swift */ = {isa = PBXFileReference; lastKnownFileType = sourcecode.swift; path = ViewController.swift; sourceTree = "<group>"; };
		186D616428D08AFA0086D9AE /* Base */ = {isa = PBXFileReference; lastKnownFileType = file.storyboard; name = Base; path = Base.lproj/Main.storyboard; sourceTree = "<group>"; };
		186D616628D08AFC0086D9AE /* Assets.xcassets */ = {isa = PBXFileReference; lastKnownFileType = folder.assetcatalog; path = Assets.xcassets; sourceTree = "<group>"; };
		186D616928D08AFC0086D9AE /* Base */ = {isa = PBXFileReference; lastKnownFileType = file.storyboard; name = Base; path = Base.lproj/LaunchScreen.storyboard; sourceTree = "<group>"; };
		186D616B28D08AFC0086D9AE /* Info.plist */ = {isa = PBXFileReference; lastKnownFileType = text.plist.xml; path = Info.plist; sourceTree = "<group>"; };
		186D616F28D08E0E0086D9AE /* MenuBarController.swift */ = {isa = PBXFileReference; lastKnownFileType = sourcecode.swift; path = MenuBarController.swift; sourceTree = "<group>"; };
		187E57AB28D83D2700B129BA /* MenuBarProtocol.swift */ = {isa = PBXFileReference; lastKnownFileType = sourcecode.swift; path = MenuBarProtocol.swift; sourceTree = "<group>"; };
		187E57B028D9977D00B129BA /* TestView.swift */ = {isa = PBXFileReference; lastKnownFileType = sourcecode.swift; path = TestView.swift; sourceTree = "<group>"; };
		187E57B228D9B89F00B129BA /* Tab1ViewController.swift */ = {isa = PBXFileReference; lastKnownFileType = sourcecode.swift; path = Tab1ViewController.swift; sourceTree = "<group>"; };
		187E57B428D9B91A00B129BA /* Tab1ContentViewController.swift */ = {isa = PBXFileReference; lastKnownFileType = sourcecode.swift; path = Tab1ContentViewController.swift; sourceTree = "<group>"; };
		187E57B528D9B91A00B129BA /* Tab1ContentViewController.xib */ = {isa = PBXFileReference; lastKnownFileType = file.xib; path = Tab1ContentViewController.xib; sourceTree = "<group>"; };
		187E57BA28D9BF4300B129BA /* TestViewController.swift */ = {isa = PBXFileReference; lastKnownFileType = sourcecode.swift; path = TestViewController.swift; sourceTree = "<group>"; };
		187E57BC28D9C01C00B129BA /* Tab2ViewController.swift */ = {isa = PBXFileReference; lastKnownFileType = sourcecode.swift; path = Tab2ViewController.swift; sourceTree = "<group>"; };
		187E57BD28D9C01C00B129BA /* Tab2ViewController.xib */ = {isa = PBXFileReference; lastKnownFileType = file.xib; path = Tab2ViewController.xib; sourceTree = "<group>"; };
		1945D08A7623D92E3D2CC819 /* Pods-MenuBarController.release.xcconfig */ = {isa = PBXFileReference; includeInIndex = 1; lastKnownFileType = text.xcconfig; name = "Pods-MenuBarController.release.xcconfig"; path = "Target Support Files/Pods-MenuBarController/Pods-MenuBarController.release.xcconfig"; sourceTree = "<group>"; };
		45BC9BB534E60A267C2C50BE /* Pods-MenuBarControllerDemo.release.xcconfig */ = {isa = PBXFileReference; includeInIndex = 1; lastKnownFileType = text.xcconfig; name = "Pods-MenuBarControllerDemo.release.xcconfig"; path = "Target Support Files/Pods-MenuBarControllerDemo/Pods-MenuBarControllerDemo.release.xcconfig"; sourceTree = "<group>"; };
		492179AD150AAD3FD983ADF7 /* Pods_MenuBarController_MenuBarControllerTests.framework */ = {isa = PBXFileReference; explicitFileType = wrapper.framework; includeInIndex = 0; path = Pods_MenuBarController_MenuBarControllerTests.framework; sourceTree = BUILT_PRODUCTS_DIR; };
		5DDE5E79AA4AD37BAAA35B8F /* Pods-MenuBarController-MenuBarControllerTests.release.xcconfig */ = {isa = PBXFileReference; includeInIndex = 1; lastKnownFileType = text.xcconfig; name = "Pods-MenuBarController-MenuBarControllerTests.release.xcconfig"; path = "Target Support Files/Pods-MenuBarController-MenuBarControllerTests/Pods-MenuBarController-MenuBarControllerTests.release.xcconfig"; sourceTree = "<group>"; };
		6EF010316AE6615AB373F152 /* Pods_MenuBarControllerDemo.framework */ = {isa = PBXFileReference; explicitFileType = wrapper.framework; includeInIndex = 0; path = Pods_MenuBarControllerDemo.framework; sourceTree = BUILT_PRODUCTS_DIR; };
		A1BDC01D4A42BFF9E949D264 /* Pods_MenuBarController.framework */ = {isa = PBXFileReference; explicitFileType = wrapper.framework; includeInIndex = 0; path = Pods_MenuBarController.framework; sourceTree = BUILT_PRODUCTS_DIR; };
/* End PBXFileReference section */

/* Begin PBXFrameworksBuildPhase section */
		186D613A28D08AEB0086D9AE /* Frameworks */ = {
			isa = PBXFrameworksBuildPhase;
			buildActionMask = 2147483647;
			files = (
				E40B5295A4F0862C6E325F87 /* Pods_MenuBarController.framework in Frameworks */,
			);
			runOnlyForDeploymentPostprocessing = 0;
		};
		186D614428D08AEB0086D9AE /* Frameworks */ = {
			isa = PBXFrameworksBuildPhase;
			buildActionMask = 2147483647;
			files = (
				186D614828D08AEB0086D9AE /* MenuBarController.framework in Frameworks */,
				B5E73DECD732A59E81E5722D /* Pods_MenuBarController_MenuBarControllerTests.framework in Frameworks */,
			);
			runOnlyForDeploymentPostprocessing = 0;
		};
		186D615828D08AFA0086D9AE /* Frameworks */ = {
			isa = PBXFrameworksBuildPhase;
			buildActionMask = 2147483647;
			files = (
				1040E9622BED9873B5784240 /* Pods_MenuBarControllerDemo.framework in Frameworks */,
				186723C828DC6DD50023E756 /* MenuBarController.framework in Frameworks */,
			);
			runOnlyForDeploymentPostprocessing = 0;
		};
/* End PBXFrameworksBuildPhase section */

/* Begin PBXGroup section */
		182B31F828D1692700B1A9F1 /* View */ = {
			isa = PBXGroup;
			children = (
				182B31FA28D1697C00B1A9F1 /* MenuBarScrollView.swift */,
				182B31FC28D1698F00B1A9F1 /* MenuBar.swift */,
				182B31FE28D1699E00B1A9F1 /* MenuBarView.swift */,
			);
			path = View;
			sourceTree = "<group>";
		};
		182B31F928D1694B00B1A9F1 /* Protocol */ = {
			isa = PBXGroup;
			children = (
				187E57AB28D83D2700B129BA /* MenuBarProtocol.swift */,
			);
			path = Protocol;
			sourceTree = "<group>";
		};
		184E80D828DC35890016184D /* MenuBar */ = {
			isa = PBXGroup;
			children = (
				187E57B228D9B89F00B129BA /* Tab1ViewController.swift */,
				187E57B428D9B91A00B129BA /* Tab1ContentViewController.swift */,
				187E57B528D9B91A00B129BA /* Tab1ContentViewController.xib */,
				187E57BC28D9C01C00B129BA /* Tab2ViewController.swift */,
				187E57BD28D9C01C00B129BA /* Tab2ViewController.xib */,
				187E57BA28D9BF4300B129BA /* TestViewController.swift */,
				187E57B028D9977D00B129BA /* TestView.swift */,
			);
			path = MenuBar;
			sourceTree = "<group>";
		};
		184E80DE28DC3A0B0016184D /* Present */ = {
			isa = PBXGroup;
			children = (
				184E80E028DC3A0B0016184D /* PresentViewController.swift */,
				184E80DF28DC3A0B0016184D /* PresentViewController.xib */,
			);
			path = Present;
			sourceTree = "<group>";
		};
		184E80E328DC3A160016184D /* Present */ = {
			isa = PBXGroup;
			children = (
				1845F9A428DC5CA9007FBCF5 /* PresentMenuBarHeader.swift */,
				184E80E428DC3A160016184D /* PresentMenuBarController.swift */,
			);
			path = Present;
			sourceTree = "<group>";
		};
		186D613328D08AEB0086D9AE = {
			isa = PBXGroup;
			children = (
				186D613F28D08AEB0086D9AE /* MenuBarController */,
				186D614B28D08AEB0086D9AE /* MenuBarControllerTests */,
				186D615C28D08AFA0086D9AE /* MenuBarControllerDemo */,
				186D613E28D08AEB0086D9AE /* Products */,
				F746C2398145CDC383A23932 /* Pods */,
				655EF2F74E8AE2854088A842 /* Frameworks */,
			);
			sourceTree = "<group>";
		};
		186D613E28D08AEB0086D9AE /* Products */ = {
			isa = PBXGroup;
			children = (
				186D613D28D08AEB0086D9AE /* MenuBarController.framework */,
				186D614728D08AEB0086D9AE /* MenuBarControllerTests.xctest */,
				186D615B28D08AFA0086D9AE /* MenuBarControllerDemo.app */,
			);
			name = Products;
			sourceTree = "<group>";
		};
		186D613F28D08AEB0086D9AE /* MenuBarController */ = {
			isa = PBXGroup;
			children = (
				186D614028D08AEB0086D9AE /* MenuBarController.h */,
				187E57C028D9C22D00B129BA /* MenuBar */,
				184E80E328DC3A160016184D /* Present */,
				186D614128D08AEB0086D9AE /* MenuBarController.docc */,
			);
			path = MenuBarController;
			sourceTree = "<group>";
		};
		186D614B28D08AEB0086D9AE /* MenuBarControllerTests */ = {
			isa = PBXGroup;
			children = (
				186D614C28D08AEB0086D9AE /* MenuBarControllerTests.swift */,
			);
			path = MenuBarControllerTests;
			sourceTree = "<group>";
		};
		186D615C28D08AFA0086D9AE /* MenuBarControllerDemo */ = {
			isa = PBXGroup;
			children = (
				186D615D28D08AFA0086D9AE /* AppDelegate.swift */,
				186D616128D08AFA0086D9AE /* ViewController.swift */,
				184E80D828DC35890016184D /* MenuBar */,
				184E80DE28DC3A0B0016184D /* Present */,
				186D616328D08AFA0086D9AE /* Main.storyboard */,
				186D616628D08AFC0086D9AE /* Assets.xcassets */,
				186D616828D08AFC0086D9AE /* LaunchScreen.storyboard */,
				186D616B28D08AFC0086D9AE /* Info.plist */,
			);
			path = MenuBarControllerDemo;
			sourceTree = "<group>";
		};
		187E57C028D9C22D00B129BA /* MenuBar */ = {
			isa = PBXGroup;
			children = (
				186D616F28D08E0E0086D9AE /* MenuBarController.swift */,
				182B31F928D1694B00B1A9F1 /* Protocol */,
				182B31F828D1692700B1A9F1 /* View */,
			);
			path = MenuBar;
			sourceTree = "<group>";
		};
		655EF2F74E8AE2854088A842 /* Frameworks */ = {
			isa = PBXGroup;
			children = (
				A1BDC01D4A42BFF9E949D264 /* Pods_MenuBarController.framework */,
				492179AD150AAD3FD983ADF7 /* Pods_MenuBarController_MenuBarControllerTests.framework */,
				6EF010316AE6615AB373F152 /* Pods_MenuBarControllerDemo.framework */,
			);
			name = Frameworks;
			sourceTree = "<group>";
		};
		F746C2398145CDC383A23932 /* Pods */ = {
			isa = PBXGroup;
			children = (
				0C9F2E4CAB3AB377925BED35 /* Pods-MenuBarController.debug.xcconfig */,
				1945D08A7623D92E3D2CC819 /* Pods-MenuBarController.release.xcconfig */,
				0C34A815E97C5DDFBD1E6D9D /* Pods-MenuBarController-MenuBarControllerTests.debug.xcconfig */,
				5DDE5E79AA4AD37BAAA35B8F /* Pods-MenuBarController-MenuBarControllerTests.release.xcconfig */,
				0C8DBE8F69AC0077422A191B /* Pods-MenuBarControllerDemo.debug.xcconfig */,
				45BC9BB534E60A267C2C50BE /* Pods-MenuBarControllerDemo.release.xcconfig */,
			);
			path = Pods;
			sourceTree = "<group>";
		};
/* End PBXGroup section */

/* Begin PBXHeadersBuildPhase section */
		186D613828D08AEB0086D9AE /* Headers */ = {
			isa = PBXHeadersBuildPhase;
			buildActionMask = 2147483647;
			files = (
				186D614E28D08AEB0086D9AE /* MenuBarController.h in Headers */,
			);
			runOnlyForDeploymentPostprocessing = 0;
		};
/* End PBXHeadersBuildPhase section */

/* Begin PBXNativeTarget section */
		186D613C28D08AEB0086D9AE /* MenuBarController */ = {
			isa = PBXNativeTarget;
			buildConfigurationList = 186D615128D08AEB0086D9AE /* Build configuration list for PBXNativeTarget "MenuBarController" */;
			buildPhases = (
				523653644F01E56F68DFEF2F /* [CP] Check Pods Manifest.lock */,
				186D613828D08AEB0086D9AE /* Headers */,
				186D613928D08AEB0086D9AE /* Sources */,
				186D613A28D08AEB0086D9AE /* Frameworks */,
				186D613B28D08AEB0086D9AE /* Resources */,
			);
			buildRules = (
			);
			dependencies = (
			);
			name = MenuBarController;
			productName = MenuBarController;
			productReference = 186D613D28D08AEB0086D9AE /* MenuBarController.framework */;
			productType = "com.apple.product-type.framework";
		};
		186D614628D08AEB0086D9AE /* MenuBarControllerTests */ = {
			isa = PBXNativeTarget;
			buildConfigurationList = 186D615428D08AEB0086D9AE /* Build configuration list for PBXNativeTarget "MenuBarControllerTests" */;
			buildPhases = (
				13BA7FE7C8D8FE2B4839D142 /* [CP] Check Pods Manifest.lock */,
				186D614328D08AEB0086D9AE /* Sources */,
				186D614428D08AEB0086D9AE /* Frameworks */,
				186D614528D08AEB0086D9AE /* Resources */,
				1EB42057F559C863363B3ED9 /* [CP] Embed Pods Frameworks */,
			);
			buildRules = (
			);
			dependencies = (
				186D614A28D08AEB0086D9AE /* PBXTargetDependency */,
			);
			name = MenuBarControllerTests;
			productName = MenuBarControllerTests;
			productReference = 186D614728D08AEB0086D9AE /* MenuBarControllerTests.xctest */;
			productType = "com.apple.product-type.bundle.unit-test";
		};
		186D615A28D08AFA0086D9AE /* MenuBarControllerDemo */ = {
			isa = PBXNativeTarget;
			buildConfigurationList = 186D616C28D08AFC0086D9AE /* Build configuration list for PBXNativeTarget "MenuBarControllerDemo" */;
			buildPhases = (
				35D7364332F8A32D2500A530 /* [CP] Check Pods Manifest.lock */,
				186D615728D08AFA0086D9AE /* Sources */,
				186D615828D08AFA0086D9AE /* Frameworks */,
				186D615928D08AFA0086D9AE /* Resources */,
				C1CDA63C550C570589C93658 /* [CP] Embed Pods Frameworks */,
				186723CA28DC6DD60023E756 /* Embed Frameworks */,
			);
			buildRules = (
			);
			dependencies = (
			);
			name = MenuBarControllerDemo;
			productName = MenuBarControllerDemo;
			productReference = 186D615B28D08AFA0086D9AE /* MenuBarControllerDemo.app */;
			productType = "com.apple.product-type.application";
		};
/* End PBXNativeTarget section */

/* Begin PBXProject section */
		186D613428D08AEB0086D9AE /* Project object */ = {
			isa = PBXProject;
			attributes = {
				BuildIndependentTargetsInParallel = 1;
				LastSwiftUpdateCheck = 1340;
				LastUpgradeCheck = 1340;
				TargetAttributes = {
					186D613C28D08AEB0086D9AE = {
						CreatedOnToolsVersion = 13.4.1;
					};
					186D614628D08AEB0086D9AE = {
						CreatedOnToolsVersion = 13.4.1;
					};
					186D615A28D08AFA0086D9AE = {
						CreatedOnToolsVersion = 13.4.1;
					};
				};
			};
			buildConfigurationList = 186D613728D08AEB0086D9AE /* Build configuration list for PBXProject "MenuBarController" */;
			compatibilityVersion = "Xcode 13.0";
			developmentRegion = en;
			hasScannedForEncodings = 0;
			knownRegions = (
				en,
				Base,
			);
			mainGroup = 186D613328D08AEB0086D9AE;
			productRefGroup = 186D613E28D08AEB0086D9AE /* Products */;
			projectDirPath = "";
			projectRoot = "";
			targets = (
				186D613C28D08AEB0086D9AE /* MenuBarController */,
				186D614628D08AEB0086D9AE /* MenuBarControllerTests */,
				186D615A28D08AFA0086D9AE /* MenuBarControllerDemo */,
			);
		};
/* End PBXProject section */

/* Begin PBXResourcesBuildPhase section */
		186D613B28D08AEB0086D9AE /* Resources */ = {
			isa = PBXResourcesBuildPhase;
			buildActionMask = 2147483647;
			files = (
			);
			runOnlyForDeploymentPostprocessing = 0;
		};
		186D614528D08AEB0086D9AE /* Resources */ = {
			isa = PBXResourcesBuildPhase;
			buildActionMask = 2147483647;
			files = (
			);
			runOnlyForDeploymentPostprocessing = 0;
		};
		186D615928D08AFA0086D9AE /* Resources */ = {
			isa = PBXResourcesBuildPhase;
			buildActionMask = 2147483647;
			files = (
				187E57B728D9B91B00B129BA /* Tab1ContentViewController.xib in Resources */,
				186D616A28D08AFC0086D9AE /* LaunchScreen.storyboard in Resources */,
				186D616728D08AFC0086D9AE /* Assets.xcassets in Resources */,
				186D616528D08AFA0086D9AE /* Main.storyboard in Resources */,
				184E80E128DC3A0B0016184D /* PresentViewController.xib in Resources */,
				187E57BF28D9C01C00B129BA /* Tab2ViewController.xib in Resources */,
			);
			runOnlyForDeploymentPostprocessing = 0;
		};
/* End PBXResourcesBuildPhase section */

/* Begin PBXShellScriptBuildPhase section */
		13BA7FE7C8D8FE2B4839D142 /* [CP] Check Pods Manifest.lock */ = {
			isa = PBXShellScriptBuildPhase;
			buildActionMask = 2147483647;
			files = (
			);
			inputFileListPaths = (
			);
			inputPaths = (
				"${PODS_PODFILE_DIR_PATH}/Podfile.lock",
				"${PODS_ROOT}/Manifest.lock",
			);
			name = "[CP] Check Pods Manifest.lock";
			outputFileListPaths = (
			);
			outputPaths = (
				"$(DERIVED_FILE_DIR)/Pods-MenuBarController-MenuBarControllerTests-checkManifestLockResult.txt",
			);
			runOnlyForDeploymentPostprocessing = 0;
			shellPath = /bin/sh;
			shellScript = "diff \"${PODS_PODFILE_DIR_PATH}/Podfile.lock\" \"${PODS_ROOT}/Manifest.lock\" > /dev/null\nif [ $? != 0 ] ; then\n    # print error to STDERR\n    echo \"error: The sandbox is not in sync with the Podfile.lock. Run 'pod install' or update your CocoaPods installation.\" >&2\n    exit 1\nfi\n# This output is used by Xcode 'outputs' to avoid re-running this script phase.\necho \"SUCCESS\" > \"${SCRIPT_OUTPUT_FILE_0}\"\n";
			showEnvVarsInLog = 0;
		};
		1EB42057F559C863363B3ED9 /* [CP] Embed Pods Frameworks */ = {
			isa = PBXShellScriptBuildPhase;
			buildActionMask = 2147483647;
			files = (
			);
			inputFileListPaths = (
				"${PODS_ROOT}/Target Support Files/Pods-MenuBarController-MenuBarControllerTests/Pods-MenuBarController-MenuBarControllerTests-frameworks-${CONFIGURATION}-input-files.xcfilelist",
			);
			name = "[CP] Embed Pods Frameworks";
			outputFileListPaths = (
				"${PODS_ROOT}/Target Support Files/Pods-MenuBarController-MenuBarControllerTests/Pods-MenuBarController-MenuBarControllerTests-frameworks-${CONFIGURATION}-output-files.xcfilelist",
			);
			runOnlyForDeploymentPostprocessing = 0;
			shellPath = /bin/sh;
			shellScript = "\"${PODS_ROOT}/Target Support Files/Pods-MenuBarController-MenuBarControllerTests/Pods-MenuBarController-MenuBarControllerTests-frameworks.sh\"\n";
			showEnvVarsInLog = 0;
		};
		35D7364332F8A32D2500A530 /* [CP] Check Pods Manifest.lock */ = {
			isa = PBXShellScriptBuildPhase;
			buildActionMask = 2147483647;
			files = (
			);
			inputFileListPaths = (
			);
			inputPaths = (
				"${PODS_PODFILE_DIR_PATH}/Podfile.lock",
				"${PODS_ROOT}/Manifest.lock",
			);
			name = "[CP] Check Pods Manifest.lock";
			outputFileListPaths = (
			);
			outputPaths = (
				"$(DERIVED_FILE_DIR)/Pods-MenuBarControllerDemo-checkManifestLockResult.txt",
			);
			runOnlyForDeploymentPostprocessing = 0;
			shellPath = /bin/sh;
			shellScript = "diff \"${PODS_PODFILE_DIR_PATH}/Podfile.lock\" \"${PODS_ROOT}/Manifest.lock\" > /dev/null\nif [ $? != 0 ] ; then\n    # print error to STDERR\n    echo \"error: The sandbox is not in sync with the Podfile.lock. Run 'pod install' or update your CocoaPods installation.\" >&2\n    exit 1\nfi\n# This output is used by Xcode 'outputs' to avoid re-running this script phase.\necho \"SUCCESS\" > \"${SCRIPT_OUTPUT_FILE_0}\"\n";
			showEnvVarsInLog = 0;
		};
		523653644F01E56F68DFEF2F /* [CP] Check Pods Manifest.lock */ = {
			isa = PBXShellScriptBuildPhase;
			buildActionMask = 2147483647;
			files = (
			);
			inputFileListPaths = (
			);
			inputPaths = (
				"${PODS_PODFILE_DIR_PATH}/Podfile.lock",
				"${PODS_ROOT}/Manifest.lock",
			);
			name = "[CP] Check Pods Manifest.lock";
			outputFileListPaths = (
			);
			outputPaths = (
				"$(DERIVED_FILE_DIR)/Pods-MenuBarController-checkManifestLockResult.txt",
			);
			runOnlyForDeploymentPostprocessing = 0;
			shellPath = /bin/sh;
			shellScript = "diff \"${PODS_PODFILE_DIR_PATH}/Podfile.lock\" \"${PODS_ROOT}/Manifest.lock\" > /dev/null\nif [ $? != 0 ] ; then\n    # print error to STDERR\n    echo \"error: The sandbox is not in sync with the Podfile.lock. Run 'pod install' or update your CocoaPods installation.\" >&2\n    exit 1\nfi\n# This output is used by Xcode 'outputs' to avoid re-running this script phase.\necho \"SUCCESS\" > \"${SCRIPT_OUTPUT_FILE_0}\"\n";
			showEnvVarsInLog = 0;
		};
		C1CDA63C550C570589C93658 /* [CP] Embed Pods Frameworks */ = {
			isa = PBXShellScriptBuildPhase;
			buildActionMask = 2147483647;
			files = (
			);
			inputFileListPaths = (
				"${PODS_ROOT}/Target Support Files/Pods-MenuBarControllerDemo/Pods-MenuBarControllerDemo-frameworks-${CONFIGURATION}-input-files.xcfilelist",
			);
			name = "[CP] Embed Pods Frameworks";
			outputFileListPaths = (
				"${PODS_ROOT}/Target Support Files/Pods-MenuBarControllerDemo/Pods-MenuBarControllerDemo-frameworks-${CONFIGURATION}-output-files.xcfilelist",
			);
			runOnlyForDeploymentPostprocessing = 0;
			shellPath = /bin/sh;
			shellScript = "\"${PODS_ROOT}/Target Support Files/Pods-MenuBarControllerDemo/Pods-MenuBarControllerDemo-frameworks.sh\"\n";
			showEnvVarsInLog = 0;
		};
/* End PBXShellScriptBuildPhase section */

/* Begin PBXSourcesBuildPhase section */
		186D613928D08AEB0086D9AE /* Sources */ = {
			isa = PBXSourcesBuildPhase;
			buildActionMask = 2147483647;
			files = (
				186D617028D08E0E0086D9AE /* MenuBarController.swift in Sources */,
				1845F9A528DC5CA9007FBCF5 /* PresentMenuBarHeader.swift in Sources */,
				186D614228D08AEB0086D9AE /* MenuBarController.docc in Sources */,
				187E57AC28D83D2700B129BA /* MenuBarProtocol.swift in Sources */,
				182B31FD28D1698F00B1A9F1 /* MenuBar.swift in Sources */,
				184E80E528DC3A160016184D /* PresentMenuBarController.swift in Sources */,
				182B31FB28D1697C00B1A9F1 /* MenuBarScrollView.swift in Sources */,
				182B31FF28D1699E00B1A9F1 /* MenuBarView.swift in Sources */,
			);
			runOnlyForDeploymentPostprocessing = 0;
		};
		186D614328D08AEB0086D9AE /* Sources */ = {
			isa = PBXSourcesBuildPhase;
			buildActionMask = 2147483647;
			files = (
				186D614D28D08AEB0086D9AE /* MenuBarControllerTests.swift in Sources */,
			);
			runOnlyForDeploymentPostprocessing = 0;
		};
		186D615728D08AFA0086D9AE /* Sources */ = {
			isa = PBXSourcesBuildPhase;
			buildActionMask = 2147483647;
			files = (
				187E57B628D9B91B00B129BA /* Tab1ContentViewController.swift in Sources */,
				186D616228D08AFA0086D9AE /* ViewController.swift in Sources */,
				187E57BB28D9BF4300B129BA /* TestViewController.swift in Sources */,
				187E57B128D9977D00B129BA /* TestView.swift in Sources */,
				187E57B328D9B89F00B129BA /* Tab1ViewController.swift in Sources */,
				186D615E28D08AFA0086D9AE /* AppDelegate.swift in Sources */,
				184E80E228DC3A0B0016184D /* PresentViewController.swift in Sources */,
				187E57BE28D9C01C00B129BA /* Tab2ViewController.swift in Sources */,
			);
			runOnlyForDeploymentPostprocessing = 0;
		};
/* End PBXSourcesBuildPhase section */

/* Begin PBXTargetDependency section */
		186D614A28D08AEB0086D9AE /* PBXTargetDependency */ = {
			isa = PBXTargetDependency;
			target = 186D613C28D08AEB0086D9AE /* MenuBarController */;
			targetProxy = 186D614928D08AEB0086D9AE /* PBXContainerItemProxy */;
		};
/* End PBXTargetDependency section */

/* Begin PBXVariantGroup section */
		186D616328D08AFA0086D9AE /* Main.storyboard */ = {
			isa = PBXVariantGroup;
			children = (
				186D616428D08AFA0086D9AE /* Base */,
			);
			name = Main.storyboard;
			sourceTree = "<group>";
		};
		186D616828D08AFC0086D9AE /* LaunchScreen.storyboard */ = {
			isa = PBXVariantGroup;
			children = (
				186D616928D08AFC0086D9AE /* Base */,
			);
			name = LaunchScreen.storyboard;
			sourceTree = "<group>";
		};
/* End PBXVariantGroup section */

/* Begin XCBuildConfiguration section */
		186D614F28D08AEB0086D9AE /* Debug */ = {
			isa = XCBuildConfiguration;
			buildSettings = {
				ALWAYS_SEARCH_USER_PATHS = NO;
				CLANG_ANALYZER_NONNULL = YES;
				CLANG_ANALYZER_NUMBER_OBJECT_CONVERSION = YES_AGGRESSIVE;
				CLANG_CXX_LANGUAGE_STANDARD = "gnu++17";
				CLANG_ENABLE_MODULES = YES;
				CLANG_ENABLE_OBJC_ARC = YES;
				CLANG_ENABLE_OBJC_WEAK = YES;
				CLANG_WARN_BLOCK_CAPTURE_AUTORELEASING = YES;
				CLANG_WARN_BOOL_CONVERSION = YES;
				CLANG_WARN_COMMA = YES;
				CLANG_WARN_CONSTANT_CONVERSION = YES;
				CLANG_WARN_DEPRECATED_OBJC_IMPLEMENTATIONS = YES;
				CLANG_WARN_DIRECT_OBJC_ISA_USAGE = YES_ERROR;
				CLANG_WARN_DOCUMENTATION_COMMENTS = YES;
				CLANG_WARN_EMPTY_BODY = YES;
				CLANG_WARN_ENUM_CONVERSION = YES;
				CLANG_WARN_INFINITE_RECURSION = YES;
				CLANG_WARN_INT_CONVERSION = YES;
				CLANG_WARN_NON_LITERAL_NULL_CONVERSION = YES;
				CLANG_WARN_OBJC_IMPLICIT_RETAIN_SELF = YES;
				CLANG_WARN_OBJC_LITERAL_CONVERSION = YES;
				CLANG_WARN_OBJC_ROOT_CLASS = YES_ERROR;
				CLANG_WARN_QUOTED_INCLUDE_IN_FRAMEWORK_HEADER = YES;
				CLANG_WARN_RANGE_LOOP_ANALYSIS = YES;
				CLANG_WARN_STRICT_PROTOTYPES = YES;
				CLANG_WARN_SUSPICIOUS_MOVE = YES;
				CLANG_WARN_UNGUARDED_AVAILABILITY = YES_AGGRESSIVE;
				CLANG_WARN_UNREACHABLE_CODE = YES;
				CLANG_WARN__DUPLICATE_METHOD_MATCH = YES;
				COPY_PHASE_STRIP = NO;
				CURRENT_PROJECT_VERSION = 1;
				DEBUG_INFORMATION_FORMAT = dwarf;
				ENABLE_STRICT_OBJC_MSGSEND = YES;
				ENABLE_TESTABILITY = YES;
				GCC_C_LANGUAGE_STANDARD = gnu11;
				GCC_DYNAMIC_NO_PIC = NO;
				GCC_NO_COMMON_BLOCKS = YES;
				GCC_OPTIMIZATION_LEVEL = 0;
				GCC_PREPROCESSOR_DEFINITIONS = (
					"DEBUG=1",
					"$(inherited)",
				);
				GCC_WARN_64_TO_32_BIT_CONVERSION = YES;
				GCC_WARN_ABOUT_RETURN_TYPE = YES_ERROR;
				GCC_WARN_UNDECLARED_SELECTOR = YES;
				GCC_WARN_UNINITIALIZED_AUTOS = YES_AGGRESSIVE;
				GCC_WARN_UNUSED_FUNCTION = YES;
				GCC_WARN_UNUSED_VARIABLE = YES;
				IPHONEOS_DEPLOYMENT_TARGET = 10.0;
				MTL_ENABLE_DEBUG_INFO = INCLUDE_SOURCE;
				MTL_FAST_MATH = YES;
				ONLY_ACTIVE_ARCH = YES;
				SDKROOT = iphoneos;
				SWIFT_ACTIVE_COMPILATION_CONDITIONS = DEBUG;
				SWIFT_OPTIMIZATION_LEVEL = "-Onone";
				VERSIONING_SYSTEM = "apple-generic";
				VERSION_INFO_PREFIX = "";
			};
			name = Debug;
		};
		186D615028D08AEB0086D9AE /* Release */ = {
			isa = XCBuildConfiguration;
			buildSettings = {
				ALWAYS_SEARCH_USER_PATHS = NO;
				CLANG_ANALYZER_NONNULL = YES;
				CLANG_ANALYZER_NUMBER_OBJECT_CONVERSION = YES_AGGRESSIVE;
				CLANG_CXX_LANGUAGE_STANDARD = "gnu++17";
				CLANG_ENABLE_MODULES = YES;
				CLANG_ENABLE_OBJC_ARC = YES;
				CLANG_ENABLE_OBJC_WEAK = YES;
				CLANG_WARN_BLOCK_CAPTURE_AUTORELEASING = YES;
				CLANG_WARN_BOOL_CONVERSION = YES;
				CLANG_WARN_COMMA = YES;
				CLANG_WARN_CONSTANT_CONVERSION = YES;
				CLANG_WARN_DEPRECATED_OBJC_IMPLEMENTATIONS = YES;
				CLANG_WARN_DIRECT_OBJC_ISA_USAGE = YES_ERROR;
				CLANG_WARN_DOCUMENTATION_COMMENTS = YES;
				CLANG_WARN_EMPTY_BODY = YES;
				CLANG_WARN_ENUM_CONVERSION = YES;
				CLANG_WARN_INFINITE_RECURSION = YES;
				CLANG_WARN_INT_CONVERSION = YES;
				CLANG_WARN_NON_LITERAL_NULL_CONVERSION = YES;
				CLANG_WARN_OBJC_IMPLICIT_RETAIN_SELF = YES;
				CLANG_WARN_OBJC_LITERAL_CONVERSION = YES;
				CLANG_WARN_OBJC_ROOT_CLASS = YES_ERROR;
				CLANG_WARN_QUOTED_INCLUDE_IN_FRAMEWORK_HEADER = YES;
				CLANG_WARN_RANGE_LOOP_ANALYSIS = YES;
				CLANG_WARN_STRICT_PROTOTYPES = YES;
				CLANG_WARN_SUSPICIOUS_MOVE = YES;
				CLANG_WARN_UNGUARDED_AVAILABILITY = YES_AGGRESSIVE;
				CLANG_WARN_UNREACHABLE_CODE = YES;
				CLANG_WARN__DUPLICATE_METHOD_MATCH = YES;
				COPY_PHASE_STRIP = NO;
				CURRENT_PROJECT_VERSION = 1;
				DEBUG_INFORMATION_FORMAT = "dwarf-with-dsym";
				ENABLE_NS_ASSERTIONS = NO;
				ENABLE_STRICT_OBJC_MSGSEND = YES;
				GCC_C_LANGUAGE_STANDARD = gnu11;
				GCC_NO_COMMON_BLOCKS = YES;
				GCC_WARN_64_TO_32_BIT_CONVERSION = YES;
				GCC_WARN_ABOUT_RETURN_TYPE = YES_ERROR;
				GCC_WARN_UNDECLARED_SELECTOR = YES;
				GCC_WARN_UNINITIALIZED_AUTOS = YES_AGGRESSIVE;
				GCC_WARN_UNUSED_FUNCTION = YES;
				GCC_WARN_UNUSED_VARIABLE = YES;
				IPHONEOS_DEPLOYMENT_TARGET = 10.0;
				MTL_ENABLE_DEBUG_INFO = NO;
				MTL_FAST_MATH = YES;
				SDKROOT = iphoneos;
				SWIFT_COMPILATION_MODE = wholemodule;
				SWIFT_OPTIMIZATION_LEVEL = "-O";
				VALIDATE_PRODUCT = YES;
				VERSIONING_SYSTEM = "apple-generic";
				VERSION_INFO_PREFIX = "";
			};
			name = Release;
		};
		186D615228D08AEB0086D9AE /* Debug */ = {
			isa = XCBuildConfiguration;
			baseConfigurationReference = 0C9F2E4CAB3AB377925BED35 /* Pods-MenuBarController.debug.xcconfig */;
			buildSettings = {
				CODE_SIGN_STYLE = Automatic;
				CURRENT_PROJECT_VERSION = 1;
				DEFINES_MODULE = YES;
				DYLIB_COMPATIBILITY_VERSION = 1;
				DYLIB_CURRENT_VERSION = 1;
				DYLIB_INSTALL_NAME_BASE = "@rpath";
				GENERATE_INFOPLIST_FILE = YES;
				INFOPLIST_KEY_NSHumanReadableCopyright = "";
				INSTALL_PATH = "$(LOCAL_LIBRARY_DIR)/Frameworks";
				LD_RUNPATH_SEARCH_PATHS = (
					"$(inherited)",
					"@executable_path/Frameworks",
					"@loader_path/Frameworks",
				);
				MARKETING_VERSION = 1.0;
				PRODUCT_BUNDLE_IDENTIFIER = com.lax.demo.MenuBarController;
				PRODUCT_NAME = "$(TARGET_NAME:c99extidentifier)";
				SKIP_INSTALL = YES;
				SWIFT_EMIT_LOC_STRINGS = YES;
				SWIFT_VERSION = 5.0;
				TARGETED_DEVICE_FAMILY = "1,2";
			};
			name = Debug;
		};
		186D615328D08AEB0086D9AE /* Release */ = {
			isa = XCBuildConfiguration;
			baseConfigurationReference = 1945D08A7623D92E3D2CC819 /* Pods-MenuBarController.release.xcconfig */;
			buildSettings = {
				CODE_SIGN_STYLE = Automatic;
				CURRENT_PROJECT_VERSION = 1;
				DEFINES_MODULE = YES;
				DYLIB_COMPATIBILITY_VERSION = 1;
				DYLIB_CURRENT_VERSION = 1;
				DYLIB_INSTALL_NAME_BASE = "@rpath";
				GENERATE_INFOPLIST_FILE = YES;
				INFOPLIST_KEY_NSHumanReadableCopyright = "";
				INSTALL_PATH = "$(LOCAL_LIBRARY_DIR)/Frameworks";
				LD_RUNPATH_SEARCH_PATHS = (
					"$(inherited)",
					"@executable_path/Frameworks",
					"@loader_path/Frameworks",
				);
				MARKETING_VERSION = 1.0;
				PRODUCT_BUNDLE_IDENTIFIER = com.lax.demo.MenuBarController;
				PRODUCT_NAME = "$(TARGET_NAME:c99extidentifier)";
				SKIP_INSTALL = YES;
				SWIFT_EMIT_LOC_STRINGS = YES;
				SWIFT_VERSION = 5.0;
				TARGETED_DEVICE_FAMILY = "1,2";
			};
			name = Release;
		};
		186D615528D08AEB0086D9AE /* Debug */ = {
			isa = XCBuildConfiguration;
			baseConfigurationReference = 0C34A815E97C5DDFBD1E6D9D /* Pods-MenuBarController-MenuBarControllerTests.debug.xcconfig */;
			buildSettings = {
				ALWAYS_EMBED_SWIFT_STANDARD_LIBRARIES = YES;
				CODE_SIGN_STYLE = Automatic;
				CURRENT_PROJECT_VERSION = 1;
				GENERATE_INFOPLIST_FILE = YES;
				MARKETING_VERSION = 1.0;
				PRODUCT_BUNDLE_IDENTIFIER = com.lax.demo.MenuBarControllerTests;
				PRODUCT_NAME = "$(TARGET_NAME)";
				SWIFT_EMIT_LOC_STRINGS = NO;
				SWIFT_VERSION = 5.0;
				TARGETED_DEVICE_FAMILY = "1,2";
			};
			name = Debug;
		};
		186D615628D08AEB0086D9AE /* Release */ = {
			isa = XCBuildConfiguration;
			baseConfigurationReference = 5DDE5E79AA4AD37BAAA35B8F /* Pods-MenuBarController-MenuBarControllerTests.release.xcconfig */;
			buildSettings = {
				ALWAYS_EMBED_SWIFT_STANDARD_LIBRARIES = YES;
				CODE_SIGN_STYLE = Automatic;
				CURRENT_PROJECT_VERSION = 1;
				GENERATE_INFOPLIST_FILE = YES;
				MARKETING_VERSION = 1.0;
				PRODUCT_BUNDLE_IDENTIFIER = com.lax.demo.MenuBarControllerTests;
				PRODUCT_NAME = "$(TARGET_NAME)";
				SWIFT_EMIT_LOC_STRINGS = NO;
				SWIFT_VERSION = 5.0;
				TARGETED_DEVICE_FAMILY = "1,2";
			};
			name = Release;
		};
		186D616D28D08AFC0086D9AE /* Debug */ = {
			isa = XCBuildConfiguration;
			baseConfigurationReference = 0C8DBE8F69AC0077422A191B /* Pods-MenuBarControllerDemo.debug.xcconfig */;
			buildSettings = {
				ASSETCATALOG_COMPILER_APPICON_NAME = AppIcon;
				ASSETCATALOG_COMPILER_GLOBAL_ACCENT_COLOR_NAME = AccentColor;
				CODE_SIGN_STYLE = Automatic;
				CURRENT_PROJECT_VERSION = 1;
				DEVELOPMENT_TEAM = 6E7363BSKG;
				GENERATE_INFOPLIST_FILE = YES;
				INFOPLIST_FILE = MenuBarControllerDemo/Info.plist;
				INFOPLIST_KEY_UIApplicationSupportsIndirectInputEvents = YES;
				INFOPLIST_KEY_UILaunchStoryboardName = LaunchScreen;
				INFOPLIST_KEY_UIMainStoryboardFile = Main;
				INFOPLIST_KEY_UISupportedInterfaceOrientations_iPad = "UIInterfaceOrientationPortrait UIInterfaceOrientationPortraitUpsideDown UIInterfaceOrientationLandscapeLeft UIInterfaceOrientationLandscapeRight";
				INFOPLIST_KEY_UISupportedInterfaceOrientations_iPhone = "UIInterfaceOrientationPortrait UIInterfaceOrientationLandscapeLeft UIInterfaceOrientationLandscapeRight";
				LD_RUNPATH_SEARCH_PATHS = (
					"$(inherited)",
					"@executable_path/Frameworks",
				);
				MARKETING_VERSION = 1.0;
				PRODUCT_BUNDLE_IDENTIFIER = com.lax.test;
				PRODUCT_NAME = "$(TARGET_NAME)";
				SWIFT_EMIT_LOC_STRINGS = YES;
				SWIFT_VERSION = 5.0;
				TARGETED_DEVICE_FAMILY = "1,2";
			};
			name = Debug;
		};
		186D616E28D08AFC0086D9AE /* Release */ = {
			isa = XCBuildConfiguration;
			baseConfigurationReference = 45BC9BB534E60A267C2C50BE /* Pods-MenuBarControllerDemo.release.xcconfig */;
			buildSettings = {
				ASSETCATALOG_COMPILER_APPICON_NAME = AppIcon;
				ASSETCATALOG_COMPILER_GLOBAL_ACCENT_COLOR_NAME = AccentColor;
				CODE_SIGN_STYLE = Automatic;
				CURRENT_PROJECT_VERSION = 1;
				DEVELOPMENT_TEAM = 6E7363BSKG;
				GENERATE_INFOPLIST_FILE = YES;
				INFOPLIST_FILE = MenuBarControllerDemo/Info.plist;
				INFOPLIST_KEY_UIApplicationSupportsIndirectInputEvents = YES;
				INFOPLIST_KEY_UILaunchStoryboardName = LaunchScreen;
				INFOPLIST_KEY_UIMainStoryboardFile = Main;
				INFOPLIST_KEY_UISupportedInterfaceOrientations_iPad = "UIInterfaceOrientationPortrait UIInterfaceOrientationPortraitUpsideDown UIInterfaceOrientationLandscapeLeft UIInterfaceOrientationLandscapeRight";
				INFOPLIST_KEY_UISupportedInterfaceOrientations_iPhone = "UIInterfaceOrientationPortrait UIInterfaceOrientationLandscapeLeft UIInterfaceOrientationLandscapeRight";
				LD_RUNPATH_SEARCH_PATHS = (
					"$(inherited)",
					"@executable_path/Frameworks",
				);
				MARKETING_VERSION = 1.0;
				PRODUCT_BUNDLE_IDENTIFIER = com.lax.test;
				PRODUCT_NAME = "$(TARGET_NAME)";
				SWIFT_EMIT_LOC_STRINGS = YES;
				SWIFT_VERSION = 5.0;
				TARGETED_DEVICE_FAMILY = "1,2";
			};
			name = Release;
		};
/* End XCBuildConfiguration section */

/* Begin XCConfigurationList section */
		186D613728D08AEB0086D9AE /* Build configuration list for PBXProject "MenuBarController" */ = {
			isa = XCConfigurationList;
			buildConfigurations = (
				186D614F28D08AEB0086D9AE /* Debug */,
				186D615028D08AEB0086D9AE /* Release */,
			);
			defaultConfigurationIsVisible = 0;
			defaultConfigurationName = Release;
		};
		186D615128D08AEB0086D9AE /* Build configuration list for PBXNativeTarget "MenuBarController" */ = {
			isa = XCConfigurationList;
			buildConfigurations = (
				186D615228D08AEB0086D9AE /* Debug */,
				186D615328D08AEB0086D9AE /* Release */,
			);
			defaultConfigurationIsVisible = 0;
			defaultConfigurationName = Release;
		};
		186D615428D08AEB0086D9AE /* Build configuration list for PBXNativeTarget "MenuBarControllerTests" */ = {
			isa = XCConfigurationList;
			buildConfigurations = (
				186D615528D08AEB0086D9AE /* Debug */,
				186D615628D08AEB0086D9AE /* Release */,
			);
			defaultConfigurationIsVisible = 0;
			defaultConfigurationName = Release;
		};
		186D616C28D08AFC0086D9AE /* Build configuration list for PBXNativeTarget "MenuBarControllerDemo" */ = {
			isa = XCConfigurationList;
			buildConfigurations = (
				186D616D28D08AFC0086D9AE /* Debug */,
				186D616E28D08AFC0086D9AE /* Release */,
			);
			defaultConfigurationIsVisible = 0;
			defaultConfigurationName = Release;
		};
/* End XCConfigurationList section */
	};
	rootObject = 186D613428D08AEB0086D9AE /* Project object */;
}
